
Microsoft Visual Studio Solution File, Format Version 12.00
# Visual Studio Version 17
VisualStudioVersion = 17.5.002.0
MinimumVisualStudioVersion = 10.0.40219.1
Project("{9A19103F-16F7-4668-BE54-9A1E7A4F7556}") = "MeuProjeto", "MeuProjeto\MeuProjeto.csproj", "{0595AC36-7E98-48C7-ADAE-96E9799ED564}"
EndProject
Global
	GlobalSection(SolutionConfigurationPlatforms) = preSolution
		Debug|Any CPU = Debug|Any CPU
		Release|Any CPU = Release|Any CPU
	EndGlobalSection
	GlobalSection(ProjectConfigurationPlatforms) = postSolution
		{0595AC36-7E98-48C7-ADAE-96E9799ED564}.Debug|Any CPU.ActiveCfg = Debug|Any CPU
		{0595AC36-7E98-48C7-ADAE-96E9799ED564}.Debug|Any CPU.Build.0 = Debug|Any CPU
		{0595AC36-7E98-48C7-ADAE-96E9799ED564}.Release|Any CPU.ActiveCfg = Release|Any CPU
		{0595AC36-7E98-48C7-ADAE-96E9799ED564}.Release|Any CPU.Build.0 = Release|Any CPU
	EndGlobalSection
	GlobalSection(SolutionProperties) = preSolution
		HideSolutionNode = FALSE
	EndGlobalSection
	GlobalSection(ExtensibilityGlobals) = postSolution
		SolutionGuid = {B58A4E65-17DD-426E-9425-4CBDE8667AE0}
	EndGlobalSection
EndGlobal
